
Microsoft Visual Studio Solution File, Format Version 12.00
# Visual Studio Version 17
VisualStudioVersion = 17.0.31903.59
MinimumVisualStudioVersion = 10.0.40219.1
Project("{9A19103F-16F7-4668-BE54-9A1E7A4F7556}") = "upd8.CustomerRegistration.App", "Source\upd8.CustomerRegistration.App\upd8.CustomerRegistration.App.csproj", "{1AF4643E-B848-4118-A3A0-AA8F539C55EE}"
EndProject
Project("{FAE04EC0-301F-11D3-BF4B-00C04F79EFBC}") = "upd8.CustomerRegistration.Domain", "Source\upd8.CustomerRegistration.Domain\upd8.CustomerRegistration.Domain.csproj", "{56140119-ACC3-4391-8B4F-36BFD203895A}"
EndProject
Project("{FAE04EC0-301F-11D3-BF4B-00C04F79EFBC}") = "upd8.CustomerRegistration.Infrastructure", "Source\upd8.CustomerRegistration.Infrastructure\upd8.CustomerRegistration.Infrastructure.csproj", "{6C5DA223-61EC-48CF-BBB3-32AFDC242700}"
EndProject
Global
	GlobalSection(SolutionConfigurationPlatforms) = preSolution
		Debug|Any CPU = Debug|Any CPU
		Release|Any CPU = Release|Any CPU
	EndGlobalSection
	GlobalSection(ProjectConfigurationPlatforms) = postSolution
		{1AF4643E-B848-4118-A3A0-AA8F539C55EE}.Debug|Any CPU.ActiveCfg = Debug|Any CPU
		{1AF4643E-B848-4118-A3A0-AA8F539C55EE}.Debug|Any CPU.Build.0 = Debug|Any CPU
		{1AF4643E-B848-4118-A3A0-AA8F539C55EE}.Release|Any CPU.ActiveCfg = Release|Any CPU
		{1AF4643E-B848-4118-A3A0-AA8F539C55EE}.Release|Any CPU.Build.0 = Release|Any CPU
		{56140119-ACC3-4391-8B4F-36BFD203895A}.Debug|Any CPU.ActiveCfg = Debug|Any CPU
		{56140119-ACC3-4391-8B4F-36BFD203895A}.Debug|Any CPU.Build.0 = Debug|Any CPU
		{56140119-ACC3-4391-8B4F-36BFD203895A}.Release|Any CPU.ActiveCfg = Release|Any CPU
		{56140119-ACC3-4391-8B4F-36BFD203895A}.Release|Any CPU.Build.0 = Release|Any CPU
		{6C5DA223-61EC-48CF-BBB3-32AFDC242700}.Debug|Any CPU.ActiveCfg = Debug|Any CPU
		{6C5DA223-61EC-48CF-BBB3-32AFDC242700}.Debug|Any CPU.Build.0 = Debug|Any CPU
		{6C5DA223-61EC-48CF-BBB3-32AFDC242700}.Release|Any CPU.ActiveCfg = Release|Any CPU
		{6C5DA223-61EC-48CF-BBB3-32AFDC242700}.Release|Any CPU.Build.0 = Release|Any CPU
	EndGlobalSection
	GlobalSection(SolutionProperties) = preSolution
		HideSolutionNode = FALSE
	EndGlobalSection
	GlobalSection(ExtensibilityGlobals) = postSolution
		SolutionGuid = {C3A48517-B98C-4689-9BF0-2F1176218354}
	EndGlobalSection
EndGlobal
